
Microsoft Visual Studio Solution File, Format Version 12.00
# Visual Studio 2013
VisualStudioVersion = 12.0.31101.0
MinimumVisualStudioVersion = 10.0.40219.1
Project("{FAE04EC0-301F-11D3-BF4B-00C04F79EFBC}") = "Slight.FileDB", "Slight.FileDB\Slight.FileDB.csproj", "{357FAA9C-5247-4738-A050-61BE2B0397C0}"
EndProject
Project("{FAE04EC0-301F-11D3-BF4B-00C04F79EFBC}") = "Slight.FileDB.Client", "Slight.FileDB.Client\Slight.FileDB.Client.csproj", "{35220F7C-A6A8-456F-A58A-C58C5D7B93D0}"
EndProject
Project("{FAE04EC0-301F-11D3-BF4B-00C04F79EFBC}") = "Slight.FileDB.Server", "Slight.FileDB.Server\Slight.FileDB.Server.csproj", "{E184AE0D-8941-4D76-8448-4C3B3543B31B}"
EndProject
Global
	GlobalSection(SolutionConfigurationPlatforms) = preSolution
		Debug|Any CPU = Debug|Any CPU
		Release|Any CPU = Release|Any CPU
	EndGlobalSection
	GlobalSection(ProjectConfigurationPlatforms) = postSolution
		{357FAA9C-5247-4738-A050-61BE2B0397C0}.Debug|Any CPU.ActiveCfg = Debug|Any CPU
		{357FAA9C-5247-4738-A050-61BE2B0397C0}.Debug|Any CPU.Build.0 = Debug|Any CPU
		{357FAA9C-5247-4738-A050-61BE2B0397C0}.Release|Any CPU.ActiveCfg = Release|Any CPU
		{357FAA9C-5247-4738-A050-61BE2B0397C0}.Release|Any CPU.Build.0 = Release|Any CPU
		{35220F7C-A6A8-456F-A58A-C58C5D7B93D0}.Debug|Any CPU.ActiveCfg = Debug|Any CPU
		{35220F7C-A6A8-456F-A58A-C58C5D7B93D0}.Debug|Any CPU.Build.0 = Debug|Any CPU
		{35220F7C-A6A8-456F-A58A-C58C5D7B93D0}.Release|Any CPU.ActiveCfg = Release|Any CPU
		{35220F7C-A6A8-456F-A58A-C58C5D7B93D0}.Release|Any CPU.Build.0 = Release|Any CPU
		{E184AE0D-8941-4D76-8448-4C3B3543B31B}.Debug|Any CPU.ActiveCfg = Debug|Any CPU
		{E184AE0D-8941-4D76-8448-4C3B3543B31B}.Debug|Any CPU.Build.0 = Debug|Any CPU
		{E184AE0D-8941-4D76-8448-4C3B3543B31B}.Release|Any CPU.ActiveCfg = Release|Any CPU
		{E184AE0D-8941-4D76-8448-4C3B3543B31B}.Release|Any CPU.Build.0 = Release|Any CPU
	EndGlobalSection
	GlobalSection(SolutionProperties) = preSolution
		HideSolutionNode = FALSE
	EndGlobalSection
EndGlobal
